
Microsoft Visual Studio Solution File, Format Version 12.00
# Visual Studio Version 16
VisualStudioVersion = 16.0.31702.278
MinimumVisualStudioVersion = 10.0.40219.1
Project("{FAE04EC0-301F-11D3-BF4B-00C04F79EFBC}") = "KyustendilAPI", "KyustendilAPI\KyustendilAPI.csproj", "{78B16631-2E2F-4A12-8523-B54664A5D76B}"
EndProject
Global
	GlobalSection(SolutionConfigurationPlatforms) = preSolution
		Debug|Any CPU = Debug|Any CPU
		Release|Any CPU = Release|Any CPU
	EndGlobalSection
	GlobalSection(ProjectConfigurationPlatforms) = postSolution
		{78B16631-2E2F-4A12-8523-B54664A5D76B}.Debug|Any CPU.ActiveCfg = Debug|Any CPU
		{78B16631-2E2F-4A12-8523-B54664A5D76B}.Debug|Any CPU.Build.0 = Debug|Any CPU
		{78B16631-2E2F-4A12-8523-B54664A5D76B}.Release|Any CPU.ActiveCfg = Release|Any CPU
		{78B16631-2E2F-4A12-8523-B54664A5D76B}.Release|Any CPU.Build.0 = Release|Any CPU
	EndGlobalSection
	GlobalSection(SolutionProperties) = preSolution
		HideSolutionNode = FALSE
	EndGlobalSection
	GlobalSection(ExtensibilityGlobals) = postSolution
		SolutionGuid = {6AF33906-3409-4DB4-A185-BBD58FA6AD15}
	EndGlobalSection
EndGlobal
